# This file is automatically @generated by Cargo.
# It is not intended for manual editing.
version = 4

[[package]]
name = "mori-cli"
version = "0.0.0"

[[package]]
name = "mori-core"
version = "0.0.0"

[[package]]
name = "mori-git"
version = "0.0.0"

[[package]]
name = "mori-github"
version = "0.0.0"

[[package]]
name = "mori-jj"
version = "0.0.0"

[[package]]
name = "mori-mcp"
version = "0.0.0"

[[package]]
name = "mori-store"
version = "0.0.0"
